
Microsoft Visual Studio Solution File, Format Version 12.00
# Visual Studio Version 17
VisualStudioVersion = 17.3.32819.101
MinimumVisualStudioVersion = 10.0.40219.1
Project("{9A19103F-16F7-4668-BE54-9A1E7A4F7556}") = "Acceptor", "Acceptor\Acceptor.csproj", "{62A30A5B-97F9-48D7-A2FD-7AE47236AE0D}"
EndProject
Project("{9A19103F-16F7-4668-BE54-9A1E7A4F7556}") = "Initiator", "Initiator\Initiator.csproj", "{4D7C7D0E-95A4-4455-A0C5-5301D96BE2E6}"
EndProject
Project("{2150E333-8FDC-42A3-9474-1A3956D46DE8}") = "Solution Items", "Solution Items", "{3422A329-CC6C-47AD-AC5A-386E185041D8}"
	ProjectSection(SolutionItems) = preProject
		.dockerignore = .dockerignore
		.gitignore = .gitignore
		README.md = README.md
	EndProjectSection
EndProject
Project("{9A19103F-16F7-4668-BE54-9A1E7A4F7556}") = "FixSimulatorDesktop", "FixSimulatorDesktop\FixSimulatorDesktop.csproj", "{DDC45EDA-30E3-4DA9-9038-5F966A640792}"
EndProject
Project("{54435603-DBB4-11D2-8724-00A0C9A8B90C}") = "FixSimulatorDesktopSetup", "FixSimulatorDesktopSetup\FixSimulatorDesktopSetup.vdproj", "{3BF8F621-326B-4375-9C7E-8460A7B66EAA}"
EndProject
Global
	GlobalSection(SolutionConfigurationPlatforms) = preSolution
		Debug|Any CPU = Debug|Any CPU
		Release|Any CPU = Release|Any CPU
	EndGlobalSection
	GlobalSection(ProjectConfigurationPlatforms) = postSolution
		{62A30A5B-97F9-48D7-A2FD-7AE47236AE0D}.Debug|Any CPU.ActiveCfg = Debug|Any CPU
		{62A30A5B-97F9-48D7-A2FD-7AE47236AE0D}.Debug|Any CPU.Build.0 = Debug|Any CPU
		{62A30A5B-97F9-48D7-A2FD-7AE47236AE0D}.Release|Any CPU.ActiveCfg = Release|Any CPU
		{62A30A5B-97F9-48D7-A2FD-7AE47236AE0D}.Release|Any CPU.Build.0 = Release|Any CPU
		{4D7C7D0E-95A4-4455-A0C5-5301D96BE2E6}.Debug|Any CPU.ActiveCfg = Debug|Any CPU
		{4D7C7D0E-95A4-4455-A0C5-5301D96BE2E6}.Debug|Any CPU.Build.0 = Debug|Any CPU
		{4D7C7D0E-95A4-4455-A0C5-5301D96BE2E6}.Release|Any CPU.ActiveCfg = Release|Any CPU
		{4D7C7D0E-95A4-4455-A0C5-5301D96BE2E6}.Release|Any CPU.Build.0 = Release|Any CPU
		{DDC45EDA-30E3-4DA9-9038-5F966A640792}.Debug|Any CPU.ActiveCfg = Debug|Any CPU
		{DDC45EDA-30E3-4DA9-9038-5F966A640792}.Debug|Any CPU.Build.0 = Debug|Any CPU
		{DDC45EDA-30E3-4DA9-9038-5F966A640792}.Release|Any CPU.ActiveCfg = Release|Any CPU
		{DDC45EDA-30E3-4DA9-9038-5F966A640792}.Release|Any CPU.Build.0 = Release|Any CPU
		{3BF8F621-326B-4375-9C7E-8460A7B66EAA}.Debug|Any CPU.ActiveCfg = Debug
		{3BF8F621-326B-4375-9C7E-8460A7B66EAA}.Release|Any CPU.ActiveCfg = Release
	EndGlobalSection
	GlobalSection(SolutionProperties) = preSolution
		HideSolutionNode = FALSE
	EndGlobalSection
	GlobalSection(ExtensibilityGlobals) = postSolution
		SolutionGuid = {270B7A21-24C7-470B-9F48-EF7960B45748}
	EndGlobalSection
EndGlobal
